{
  "version": 4,
  "terraform_version": "1.3.7",
  "serial": 1006,
  "lineage": "2f84823d-a1f6-6f93-d615-17dc02676db7",
  "outputs": {
    "linux_avs_name": {
      "value": "linux-availability-set",
      "type": "string"
    },
    "linux_private_ips": {
      "value": [
        "10.0.1.4",
        "10.0.1.5"
      ],
      "type": [
        "tuple",
        [
          "string",
          "string"
        ]
      ]
    },
    "linux_public_ips": {
      "value": [
        "20.116.62.7",
        "20.116.62.55"
      ],
      "type": [
        "tuple",
        [
          "string",
          "string"
        ]
      ]
    },
    "linux_rg_name": {
      "value": "linux-rg-assignment2",
      "type": "string"
    },
    "linux_vm_names": {
      "value": [
        "N01510487-c-vm-1-0",
        "N01510487-c-vm-1-1"
      ],
      "type": [
        "tuple",
        [
          "string",
          "string"
        ]
      ]
    },
    "network_rg_name": {
      "value": "network-rg-assignment2",
      "type": "string"
    },
    "network_security_group_1_name": {
      "value": "network-nsg1-assignment2",
      "type": "string"
    },
    "network_security_group_2_name": {
      "value": "network-nsg2-assignment2",
      "type": "string"
    },
    "private_ip_addresses": {
      "value": [
        "10.0.1.4",
        "10.0.1.5"
      ],
      "type": [
        "tuple",
        [
          "string",
          "string"
        ]
      ]
    },
    "public_ip_addresses": {
      "value": [
        "20.116.62.7",
        "20.116.62.55"
      ],
      "type": [
        "tuple",
        [
          "string",
          "string"
        ]
      ]
    },
    "subnet_address_space_1": {
      "value": [
        "10.0.1.0/24"
      ],
      "type": [
        "list",
        "string"
      ]
    },
    "subnet_address_space_2": {
      "value": [
        "10.0.2.0/24"
      ],
      "type": [
        "list",
        "string"
      ]
    },
    "subnet_name_1": {
      "value": "network-subnet1-assignment2",
      "type": "string"
    },
    "subnet_name_2": {
      "value": "network-subnet2-assignment2",
      "type": "string"
    },
    "virtual_network_address_space": {
      "value": [
        "10.0.0.0/16"
      ],
      "type": [
        "list",
        "string"
      ]
    },
    "virtual_network_name": {
      "value": "network-vnet-assignment2",
      "type": "string"
    },
    "vm_hostnames": {
      "value": [
        "N01510487-c-vm-1-0",
        "N01510487-c-vm-1-1"
      ],
      "type": [
        "tuple",
        [
          "string",
          "string"
        ]
      ]
    }
  },
  "resources": [
    {
      "mode": "managed",
      "type": "local_file",
      "name": "ansible_inventory",
      "provider": "provider[\"registry.terraform.io/hashicorp/local\"]",
      "instances": [
        {
          "schema_version": 0,
          "attributes": {
            "content": "[linux_vms]\nvm1 ansible_host=20.116.62.7\nvm2 ansible_host=20.116.62.55\n",
            "content_base64": null,
            "content_base64sha256": "gLUsazapcm0nzNucYnGF6PtdWD7OFY4Nyn4uoa5KpfA=",
            "content_base64sha512": "sVqtB5a0qLPz31XzAgvEm2DuU0F3/k8o8zu7DboTzQfNsFVekpBpIKvaKnNDgKu7SN0wfe7YUsF7X+i/uHpBRA==",
            "content_md5": "9cd2bf6702f0d30a1160214aaa582794",
            "content_sha1": "462f3567d0cb9c52a930b9e0cf40212516cfcee6",
            "content_sha256": "80b52c6b36a9726d27ccdb9c627185e8fb5d583ece158e0dca7e2ea1ae4aa5f0",
            "content_sha512": "b15aad0796b4a8b3f3df55f3020bc49b60ee534177fe4f28f33bbb0dba13cd07cdb0555e92906920abda2a734380abbb48dd307deed852c17b5fe8bfb87a4144",
            "directory_permission": "0777",
            "file_permission": "0777",
            "filename": "inventory.ini",
            "id": "462f3567d0cb9c52a930b9e0cf40212516cfcee6",
            "sensitive_content": null,
            "source": null
          },
          "sensitive_attributes": [],
          "dependencies": [
            "module.linux_vms.azurerm_availability_set.linux_avs",
            "module.linux_vms.azurerm_linux_virtual_machine.vm",
            "module.linux_vms.azurerm_managed_disk.data_disk",
            "module.linux_vms.azurerm_network_interface.nic",
            "module.linux_vms.azurerm_public_ip.pip",
            "module.linux_vms.azurerm_virtual_machine_data_disk_attachment.data_disk_attachment",
            "module.linux_vms.null_resource.linux_provisioner",
            "module.network.azurerm_network_security_group.network-nsg1",
            "module.network.azurerm_network_security_group.network-nsg2",
            "module.network.azurerm_subnet.network-subnet1",
            "module.network.azurerm_subnet.network-subnet2",
            "module.network.azurerm_subnet_network_security_group_association.network-subnet1-nsg-assoc",
            "module.network.azurerm_subnet_network_security_group_association.network-subnet2-nsg-assoc",
            "module.network.azurerm_virtual_network.network-vnet",
            "module.resource_groups.azurerm_resource_group.network_rg"
          ]
        }
      ]
    },
    {
      "mode": "managed",
      "type": "null_resource",
      "name": "ansible_provisioner",
      "provider": "provider[\"registry.terraform.io/hashicorp/null\"]",
      "instances": [
        {
          "index_key": 0,
          "status": "tainted",
          "schema_version": 0,
          "attributes": {
            "id": "5281414713740713573",
            "triggers": {
              "vm_private_ip": "10.0.1.4"
            }
          },
          "sensitive_attributes": [],
          "dependencies": [
            "module.linux_vms.azurerm_availability_set.linux_avs",
            "module.linux_vms.azurerm_linux_virtual_machine.vm",
            "module.linux_vms.azurerm_managed_disk.data_disk",
            "module.linux_vms.azurerm_network_interface.nic",
            "module.linux_vms.azurerm_public_ip.pip",
            "module.linux_vms.azurerm_virtual_machine_data_disk_attachment.data_disk_attachment",
            "module.linux_vms.null_resource.linux_provisioner",
            "module.network.azurerm_network_security_group.network-nsg1",
            "module.network.azurerm_network_security_group.network-nsg2",
            "module.network.azurerm_subnet.network-subnet1",
            "module.network.azurerm_subnet.network-subnet2",
            "module.network.azurerm_subnet_network_security_group_association.network-subnet1-nsg-assoc",
            "module.network.azurerm_subnet_network_security_group_association.network-subnet2-nsg-assoc",
            "module.network.azurerm_virtual_network.network-vnet",
            "module.resource_groups.azurerm_resource_group.network_rg"
          ]
        },
        {
          "index_key": 1,
          "schema_version": 0,
          "attributes": {
            "id": "3301041305417334984",
            "triggers": {
              "vm_private_ip": "10.0.1.5"
            }
          },
          "sensitive_attributes": [],
          "dependencies": [
            "module.linux_vms.azurerm_availability_set.linux_avs",
            "module.linux_vms.azurerm_linux_virtual_machine.vm",
            "module.linux_vms.azurerm_managed_disk.data_disk",
            "module.linux_vms.azurerm_network_interface.nic",
            "module.linux_vms.azurerm_public_ip.pip",
            "module.linux_vms.azurerm_virtual_machine_data_disk_attachment.data_disk_attachment",
            "module.linux_vms.null_resource.linux_provisioner",
            "module.network.azurerm_network_security_group.network-nsg1",
            "module.network.azurerm_network_security_group.network-nsg2",
            "module.network.azurerm_subnet.network-subnet1",
            "module.network.azurerm_subnet.network-subnet2",
            "module.network.azurerm_subnet_network_security_group_association.network-subnet1-nsg-assoc",
            "module.network.azurerm_subnet_network_security_group_association.network-subnet2-nsg-assoc",
            "module.network.azurerm_virtual_network.network-vnet",
            "module.resource_groups.azurerm_resource_group.network_rg"
          ]
        }
      ]
    },
    {
      "module": "module.linux_vms",
      "mode": "managed",
      "type": "azurerm_availability_set",
      "name": "linux_avs",
      "provider": "provider[\"registry.terraform.io/hashicorp/azurerm\"]",
      "instances": [
        {
          "schema_version": 0,
          "attributes": {
            "id": "/subscriptions/864ced2f-51a8-415e-8fce-9641427bf1e7/resourceGroups/network-rg-assignment2/providers/Microsoft.Compute/availabilitySets/linux-availability-set",
            "location": "canadacentral",
            "managed": true,
            "name": "linux-availability-set",
            "platform_fault_domain_count": 2,
            "platform_update_domain_count": 5,
            "proximity_placement_group_id": null,
            "resource_group_name": "network-rg-assignment2",
            "tags": {},
            "timeouts": null
          },
          "sensitive_attributes": [],
          "private": "eyJlMmJmYjczMC1lY2FhLTExZTYtOGY4OC0zNDM2M2JjN2M0YzAiOnsiY3JlYXRlIjoxODAwMDAwMDAwMDAwLCJkZWxldGUiOjE4MDAwMDAwMDAwMDAsInJlYWQiOjMwMDAwMDAwMDAwMCwidXBkYXRlIjoxODAwMDAwMDAwMDAwfX0=",
          "dependencies": [
            "module.network.azurerm_network_security_group.network-nsg1",
            "module.network.azurerm_network_security_group.network-nsg2",
            "module.network.azurerm_subnet.network-subnet1",
            "module.network.azurerm_subnet.network-subnet2",
            "module.network.azurerm_subnet_network_security_group_association.network-subnet1-nsg-assoc",
            "module.network.azurerm_subnet_network_security_group_association.network-subnet2-nsg-assoc",
            "module.network.azurerm_virtual_network.network-vnet",
            "module.resource_groups.azurerm_resource_group.network_rg"
          ]
        }
      ]
    },
    {
      "module": "module.linux_vms",
      "mode": "managed",
      "type": "azurerm_linux_virtual_machine",
      "name": "vm",
      "provider": "provider[\"registry.terraform.io/hashicorp/azurerm\"]",
      "instances": [
        {
          "index_key": 0,
          "schema_version": 0,
          "attributes": {
            "additional_capabilities": [],
            "admin_password": null,
            "admin_ssh_key": [
              {
                "public_key": "ssh-rsa AAAAB3NzaC1yc2EAAAADAQABAAABgQCgaHu1IEvFyhSf8vMsPCNPeEvr70vPOuBsZduDxXUd4SSF/VwQeczqn8K3Fx0pZsZgMzAVqV6FK1LDMuxH5yKsGdbEymWFtFY303vEBGla715o3ELVJDXWmjkBRAOY0ws3I1DOO5LW7tUKtJdpfqMySReUzxKc4eDfFrDa1kzy/+Q7ckGoB6gz4CBx+MHfQpGpsi5I8Z9Z6tdOuhGlNZ/CXCtwzmUBHgteufJSoX+Ob4BtwCPZeTBuQB0vUd6CrM1Ox2AddPnk1+RGbZWB4VGSbwqPQSLK1WO0fd2I1YXRWC8N6vJ3gP9TJknd7ioPIqb24bVKWsx8D75SJFQwfcarhDeZwockk6Slwv2XIQesBHPoLjlgc43GCr9gVi7kLcTbfCS8+cYgMYzm/1Ya2Er1qk7AhToQC7OjlQoR6mbjVLl4u4GloMT2ZmJBjdr6LZ/l6bYyIW+CSPK10H2lNiDKeVDq6/cjbLqbY28LHTWUHxYR/ua4C7KdpISJbn6CIfs= canoltasgin@Canols-MacBook-Pro.local\n",
                "username": "firstn01510487"
              }
            ],
            "admin_username": "firstn01510487",
            "allow_extension_operations": true,
            "availability_set_id": "/subscriptions/864ced2f-51a8-415e-8fce-9641427bf1e7/resourceGroups/network-rg-assignment2/providers/Microsoft.Compute/availabilitySets/LINUX-AVAILABILITY-SET",
            "boot_diagnostics": [],
            "capacity_reservation_group_id": "",
            "computer_name": "N01510487-c-vm-1-0",
            "custom_data": null,
            "dedicated_host_group_id": "",
            "dedicated_host_id": "",
            "disable_password_authentication": true,
            "edge_zone": "",
            "encryption_at_host_enabled": false,
            "eviction_policy": "",
            "extensions_time_budget": "PT1H30M",
            "gallery_application": [],
            "id": "/subscriptions/864ced2f-51a8-415e-8fce-9641427bf1e7/resourceGroups/network-rg-assignment2/providers/Microsoft.Compute/virtualMachines/N01510487-c-vm-1-0",
            "identity": [],
            "license_type": "",
            "location": "canadacentral",
            "max_bid_price": -1,
            "name": "N01510487-c-vm-1-0",
            "network_interface_ids": [
              "/subscriptions/864ced2f-51a8-415e-8fce-9641427bf1e7/resourceGroups/network-rg-assignment2/providers/Microsoft.Network/networkInterfaces/N01510487-c-vm-1-0-nic"
            ],
            "os_disk": [
              {
                "caching": "ReadWrite",
                "diff_disk_settings": [],
                "disk_encryption_set_id": "",
                "disk_size_gb": 128,
                "name": "N01510487-c-vm-1-0-os-disk",
                "secure_vm_disk_encryption_set_id": "",
                "security_encryption_type": "",
                "storage_account_type": "StandardSSD_LRS",
                "write_accelerator_enabled": false
              }
            ],
            "patch_assessment_mode": "ImageDefault",
            "patch_mode": "ImageDefault",
            "plan": [],
            "platform_fault_domain": -1,
            "priority": "Regular",
            "private_ip_address": "10.0.1.4",
            "private_ip_addresses": [
              "10.0.1.4"
            ],
            "provision_vm_agent": true,
            "proximity_placement_group_id": "",
            "public_ip_address": "20.116.62.7",
            "public_ip_addresses": [
              "20.116.62.7"
            ],
            "resource_group_name": "network-rg-assignment2",
            "secret": [],
            "secure_boot_enabled": false,
            "size": "Standard_B1s",
            "source_image_id": "",
            "source_image_reference": [
              {
                "offer": "CentOS",
                "publisher": "OpenLogic",
                "sku": "8_2",
                "version": "latest"
              }
            ],
            "tags": {
              "Environment": "Lab",
              "ExpirationDate": "2023-06-30",
              "GroupMembers": "canol.tasgin",
              "Name": "Automation Project – Assignment 2"
            },
            "termination_notification": [],
            "timeouts": null,
            "user_data": "",
            "virtual_machine_id": "c4c205c7-c513-45b6-bcea-afc21d3084fd",
            "virtual_machine_scale_set_id": "",
            "vtpm_enabled": false,
            "zone": ""
          },
          "sensitive_attributes": [],
          "private": "eyJlMmJmYjczMC1lY2FhLTExZTYtOGY4OC0zNDM2M2JjN2M0YzAiOnsiY3JlYXRlIjoyNzAwMDAwMDAwMDAwLCJkZWxldGUiOjI3MDAwMDAwMDAwMDAsInJlYWQiOjMwMDAwMDAwMDAwMCwidXBkYXRlIjoyNzAwMDAwMDAwMDAwfX0=",
          "dependencies": [
            "module.linux_vms.azurerm_availability_set.linux_avs",
            "module.linux_vms.azurerm_network_interface.nic",
            "module.linux_vms.azurerm_public_ip.pip",
            "module.network.azurerm_network_security_group.network-nsg1",
            "module.network.azurerm_network_security_group.network-nsg2",
            "module.network.azurerm_subnet.network-subnet1",
            "module.network.azurerm_subnet.network-subnet2",
            "module.network.azurerm_subnet_network_security_group_association.network-subnet1-nsg-assoc",
            "module.network.azurerm_subnet_network_security_group_association.network-subnet2-nsg-assoc",
            "module.network.azurerm_virtual_network.network-vnet",
            "module.resource_groups.azurerm_resource_group.network_rg"
          ]
        },
        {
          "index_key": 1,
          "schema_version": 0,
          "attributes": {
            "additional_capabilities": [],
            "admin_password": null,
            "admin_ssh_key": [
              {
                "public_key": "ssh-rsa AAAAB3NzaC1yc2EAAAADAQABAAABgQCgaHu1IEvFyhSf8vMsPCNPeEvr70vPOuBsZduDxXUd4SSF/VwQeczqn8K3Fx0pZsZgMzAVqV6FK1LDMuxH5yKsGdbEymWFtFY303vEBGla715o3ELVJDXWmjkBRAOY0ws3I1DOO5LW7tUKtJdpfqMySReUzxKc4eDfFrDa1kzy/+Q7ckGoB6gz4CBx+MHfQpGpsi5I8Z9Z6tdOuhGlNZ/CXCtwzmUBHgteufJSoX+Ob4BtwCPZeTBuQB0vUd6CrM1Ox2AddPnk1+RGbZWB4VGSbwqPQSLK1WO0fd2I1YXRWC8N6vJ3gP9TJknd7ioPIqb24bVKWsx8D75SJFQwfcarhDeZwockk6Slwv2XIQesBHPoLjlgc43GCr9gVi7kLcTbfCS8+cYgMYzm/1Ya2Er1qk7AhToQC7OjlQoR6mbjVLl4u4GloMT2ZmJBjdr6LZ/l6bYyIW+CSPK10H2lNiDKeVDq6/cjbLqbY28LHTWUHxYR/ua4C7KdpISJbn6CIfs= canoltasgin@Canols-MacBook-Pro.local\n",
                "username": "firstn01510487"
              }
            ],
            "admin_username": "firstn01510487",
            "allow_extension_operations": true,
            "availability_set_id": "/subscriptions/864ced2f-51a8-415e-8fce-9641427bf1e7/resourceGroups/network-rg-assignment2/providers/Microsoft.Compute/availabilitySets/LINUX-AVAILABILITY-SET",
            "boot_diagnostics": [],
            "capacity_reservation_group_id": "",
            "computer_name": "N01510487-c-vm-1-1",
            "custom_data": null,
            "dedicated_host_group_id": "",
            "dedicated_host_id": "",
            "disable_password_authentication": true,
            "edge_zone": "",
            "encryption_at_host_enabled": false,
            "eviction_policy": "",
            "extensions_time_budget": "PT1H30M",
            "gallery_application": [],
            "id": "/subscriptions/864ced2f-51a8-415e-8fce-9641427bf1e7/resourceGroups/network-rg-assignment2/providers/Microsoft.Compute/virtualMachines/N01510487-c-vm-1-1",
            "identity": [],
            "license_type": "",
            "location": "canadacentral",
            "max_bid_price": -1,
            "name": "N01510487-c-vm-1-1",
            "network_interface_ids": [
              "/subscriptions/864ced2f-51a8-415e-8fce-9641427bf1e7/resourceGroups/network-rg-assignment2/providers/Microsoft.Network/networkInterfaces/N01510487-c-vm-1-1-nic"
            ],
            "os_disk": [
              {
                "caching": "ReadWrite",
                "diff_disk_settings": [],
                "disk_encryption_set_id": "",
                "disk_size_gb": 128,
                "name": "N01510487-c-vm-1-1-os-disk",
                "secure_vm_disk_encryption_set_id": "",
                "security_encryption_type": "",
                "storage_account_type": "StandardSSD_LRS",
                "write_accelerator_enabled": false
              }
            ],
            "patch_assessment_mode": "ImageDefault",
            "patch_mode": "ImageDefault",
            "plan": [],
            "platform_fault_domain": -1,
            "priority": "Regular",
            "private_ip_address": "10.0.1.5",
            "private_ip_addresses": [
              "10.0.1.5"
            ],
            "provision_vm_agent": true,
            "proximity_placement_group_id": "",
            "public_ip_address": "20.116.62.55",
            "public_ip_addresses": [
              "20.116.62.55"
            ],
            "resource_group_name": "network-rg-assignment2",
            "secret": [],
            "secure_boot_enabled": false,
            "size": "Standard_B1s",
            "source_image_id": "",
            "source_image_reference": [
              {
                "offer": "CentOS",
                "publisher": "OpenLogic",
                "sku": "8_2",
                "version": "latest"
              }
            ],
            "tags": {
              "Environment": "Lab",
              "ExpirationDate": "2023-06-30",
              "GroupMembers": "canol.tasgin",
              "Name": "Automation Project – Assignment 2"
            },
            "termination_notification": [],
            "timeouts": null,
            "user_data": "",
            "virtual_machine_id": "1ec465bd-ba40-4583-9e1a-68082d725c00",
            "virtual_machine_scale_set_id": "",
            "vtpm_enabled": false,
            "zone": ""
          },
          "sensitive_attributes": [],
          "private": "eyJlMmJmYjczMC1lY2FhLTExZTYtOGY4OC0zNDM2M2JjN2M0YzAiOnsiY3JlYXRlIjoyNzAwMDAwMDAwMDAwLCJkZWxldGUiOjI3MDAwMDAwMDAwMDAsInJlYWQiOjMwMDAwMDAwMDAwMCwidXBkYXRlIjoyNzAwMDAwMDAwMDAwfX0=",
          "dependencies": [
            "module.linux_vms.azurerm_availability_set.linux_avs",
            "module.linux_vms.azurerm_network_interface.nic",
            "module.linux_vms.azurerm_public_ip.pip",
            "module.network.azurerm_network_security_group.network-nsg1",
            "module.network.azurerm_network_security_group.network-nsg2",
            "module.network.azurerm_subnet.network-subnet1",
            "module.network.azurerm_subnet.network-subnet2",
            "module.network.azurerm_subnet_network_security_group_association.network-subnet1-nsg-assoc",
            "module.network.azurerm_subnet_network_security_group_association.network-subnet2-nsg-assoc",
            "module.network.azurerm_virtual_network.network-vnet",
            "module.resource_groups.azurerm_resource_group.network_rg"
          ]
        }
      ]
    },
    {
      "module": "module.linux_vms",
      "mode": "managed",
      "type": "azurerm_managed_disk",
      "name": "data_disk",
      "provider": "provider[\"registry.terraform.io/hashicorp/azurerm\"]",
      "instances": [
        {
          "index_key": 0,
          "schema_version": 1,
          "attributes": {
            "create_option": "Empty",
            "disk_access_id": "",
            "disk_encryption_set_id": "",
            "disk_iops_read_only": 0,
            "disk_iops_read_write": 500,
            "disk_mbps_read_only": 0,
            "disk_mbps_read_write": 60,
            "disk_size_gb": 10,
            "edge_zone": "",
            "encryption_settings": [],
            "gallery_image_reference_id": "",
            "hyper_v_generation": "",
            "id": "/subscriptions/864ced2f-51a8-415e-8fce-9641427bf1e7/resourceGroups/network-rg-assignment2/providers/Microsoft.Compute/disks/N01510487-c-vm-1-0-data-disk",
            "image_reference_id": "",
            "location": "canadacentral",
            "logical_sector_size": null,
            "max_shares": 0,
            "name": "N01510487-c-vm-1-0-data-disk",
            "network_access_policy": null,
            "on_demand_bursting_enabled": false,
            "os_type": "",
            "public_network_access_enabled": true,
            "resource_group_name": "network-rg-assignment2",
            "secure_vm_disk_encryption_set_id": "",
            "security_type": "",
            "source_resource_id": "",
            "source_uri": "",
            "storage_account_id": "",
            "storage_account_type": "StandardSSD_LRS",
            "tags": {},
            "tier": "",
            "timeouts": null,
            "trusted_launch_enabled": false,
            "upload_size_bytes": 0,
            "zone": ""
          },
          "sensitive_attributes": [],
          "private": "eyJlMmJmYjczMC1lY2FhLTExZTYtOGY4OC0zNDM2M2JjN2M0YzAiOnsiY3JlYXRlIjoxODAwMDAwMDAwMDAwLCJkZWxldGUiOjE4MDAwMDAwMDAwMDAsInJlYWQiOjMwMDAwMDAwMDAwMCwidXBkYXRlIjoxODAwMDAwMDAwMDAwfSwic2NoZW1hX3ZlcnNpb24iOiIxIn0=",
          "dependencies": [
            "module.network.azurerm_network_security_group.network-nsg1",
            "module.network.azurerm_network_security_group.network-nsg2",
            "module.network.azurerm_subnet.network-subnet1",
            "module.network.azurerm_subnet.network-subnet2",
            "module.network.azurerm_subnet_network_security_group_association.network-subnet1-nsg-assoc",
            "module.network.azurerm_subnet_network_security_group_association.network-subnet2-nsg-assoc",
            "module.network.azurerm_virtual_network.network-vnet",
            "module.resource_groups.azurerm_resource_group.network_rg"
          ]
        },
        {
          "index_key": 1,
          "schema_version": 1,
          "attributes": {
            "create_option": "Empty",
            "disk_access_id": "",
            "disk_encryption_set_id": "",
            "disk_iops_read_only": 0,
            "disk_iops_read_write": 500,
            "disk_mbps_read_only": 0,
            "disk_mbps_read_write": 60,
            "disk_size_gb": 10,
            "edge_zone": "",
            "encryption_settings": [],
            "gallery_image_reference_id": "",
            "hyper_v_generation": "",
            "id": "/subscriptions/864ced2f-51a8-415e-8fce-9641427bf1e7/resourceGroups/network-rg-assignment2/providers/Microsoft.Compute/disks/N01510487-c-vm-1-1-data-disk",
            "image_reference_id": "",
            "location": "canadacentral",
            "logical_sector_size": null,
            "max_shares": 0,
            "name": "N01510487-c-vm-1-1-data-disk",
            "network_access_policy": null,
            "on_demand_bursting_enabled": false,
            "os_type": "",
            "public_network_access_enabled": true,
            "resource_group_name": "network-rg-assignment2",
            "secure_vm_disk_encryption_set_id": "",
            "security_type": "",
            "source_resource_id": "",
            "source_uri": "",
            "storage_account_id": "",
            "storage_account_type": "StandardSSD_LRS",
            "tags": {},
            "tier": "",
            "timeouts": null,
            "trusted_launch_enabled": false,
            "upload_size_bytes": 0,
            "zone": ""
          },
          "sensitive_attributes": [],
          "private": "eyJlMmJmYjczMC1lY2FhLTExZTYtOGY4OC0zNDM2M2JjN2M0YzAiOnsiY3JlYXRlIjoxODAwMDAwMDAwMDAwLCJkZWxldGUiOjE4MDAwMDAwMDAwMDAsInJlYWQiOjMwMDAwMDAwMDAwMCwidXBkYXRlIjoxODAwMDAwMDAwMDAwfSwic2NoZW1hX3ZlcnNpb24iOiIxIn0=",
          "dependencies": [
            "module.network.azurerm_network_security_group.network-nsg1",
            "module.network.azurerm_network_security_group.network-nsg2",
            "module.network.azurerm_subnet.network-subnet1",
            "module.network.azurerm_subnet.network-subnet2",
            "module.network.azurerm_subnet_network_security_group_association.network-subnet1-nsg-assoc",
            "module.network.azurerm_subnet_network_security_group_association.network-subnet2-nsg-assoc",
            "module.network.azurerm_virtual_network.network-vnet",
            "module.resource_groups.azurerm_resource_group.network_rg"
          ]
        }
      ]
    },
    {
      "module": "module.linux_vms",
      "mode": "managed",
      "type": "azurerm_network_interface",
      "name": "nic",
      "provider": "provider[\"registry.terraform.io/hashicorp/azurerm\"]",
      "instances": [
        {
          "index_key": 0,
          "schema_version": 0,
          "attributes": {
            "applied_dns_servers": [],
            "dns_servers": [],
            "edge_zone": "",
            "enable_accelerated_networking": false,
            "enable_ip_forwarding": false,
            "id": "/subscriptions/864ced2f-51a8-415e-8fce-9641427bf1e7/resourceGroups/network-rg-assignment2/providers/Microsoft.Network/networkInterfaces/N01510487-c-vm-1-0-nic",
            "internal_dns_name_label": "",
            "internal_domain_name_suffix": "iu5caqtu30fedhfarxzsomxtqd.ux.internal.cloudapp.net",
            "ip_configuration": [
              {
                "gateway_load_balancer_frontend_ip_configuration_id": "",
                "name": "N01510487-c-vm-ipconfig1-1-0",
                "primary": true,
                "private_ip_address": "10.0.1.4",
                "private_ip_address_allocation": "Dynamic",
                "private_ip_address_version": "IPv4",
                "public_ip_address_id": "/subscriptions/864ced2f-51a8-415e-8fce-9641427bf1e7/resourceGroups/network-rg-assignment2/providers/Microsoft.Network/publicIPAddresses/N01510487-c-vm-1-0-pip",
                "subnet_id": "/subscriptions/864ced2f-51a8-415e-8fce-9641427bf1e7/resourceGroups/network-rg-assignment2/providers/Microsoft.Network/virtualNetworks/network-vnet-assignment2/subnets/network-subnet1-assignment2"
              }
            ],
            "location": "canadacentral",
            "mac_address": "60-45-BD-5B-D7-35",
            "name": "N01510487-c-vm-1-0-nic",
            "private_ip_address": "10.0.1.4",
            "private_ip_addresses": [
              "10.0.1.4"
            ],
            "resource_group_name": "network-rg-assignment2",
            "tags": {
              "Environment": "Lab",
              "ExpirationDate": "2023-06-30",
              "GroupMembers": "canol.tasgin",
              "Name": "Automation Project – Assignment 2"
            },
            "timeouts": null,
            "virtual_machine_id": "/subscriptions/864ced2f-51a8-415e-8fce-9641427bf1e7/resourceGroups/network-rg-assignment2/providers/Microsoft.Compute/virtualMachines/N01510487-c-vm-1-0"
          },
          "sensitive_attributes": [],
          "private": "eyJlMmJmYjczMC1lY2FhLTExZTYtOGY4OC0zNDM2M2JjN2M0YzAiOnsiY3JlYXRlIjoxODAwMDAwMDAwMDAwLCJkZWxldGUiOjE4MDAwMDAwMDAwMDAsInJlYWQiOjMwMDAwMDAwMDAwMCwidXBkYXRlIjoxODAwMDAwMDAwMDAwfX0=",
          "dependencies": [
            "module.linux_vms.azurerm_public_ip.pip",
            "module.network.azurerm_network_security_group.network-nsg1",
            "module.network.azurerm_network_security_group.network-nsg2",
            "module.network.azurerm_subnet.network-subnet1",
            "module.network.azurerm_subnet.network-subnet2",
            "module.network.azurerm_subnet_network_security_group_association.network-subnet1-nsg-assoc",
            "module.network.azurerm_subnet_network_security_group_association.network-subnet2-nsg-assoc",
            "module.network.azurerm_virtual_network.network-vnet",
            "module.resource_groups.azurerm_resource_group.network_rg"
          ]
        },
        {
          "index_key": 1,
          "schema_version": 0,
          "attributes": {
            "applied_dns_servers": [],
            "dns_servers": [],
            "edge_zone": "",
            "enable_accelerated_networking": false,
            "enable_ip_forwarding": false,
            "id": "/subscriptions/864ced2f-51a8-415e-8fce-9641427bf1e7/resourceGroups/network-rg-assignment2/providers/Microsoft.Network/networkInterfaces/N01510487-c-vm-1-1-nic",
            "internal_dns_name_label": "",
            "internal_domain_name_suffix": "iu5caqtu30fedhfarxzsomxtqd.ux.internal.cloudapp.net",
            "ip_configuration": [
              {
                "gateway_load_balancer_frontend_ip_configuration_id": "",
                "name": "N01510487-c-vm-ipconfig1-1-1",
                "primary": true,
                "private_ip_address": "10.0.1.5",
                "private_ip_address_allocation": "Dynamic",
                "private_ip_address_version": "IPv4",
                "public_ip_address_id": "/subscriptions/864ced2f-51a8-415e-8fce-9641427bf1e7/resourceGroups/network-rg-assignment2/providers/Microsoft.Network/publicIPAddresses/N01510487-c-vm-1-1-pip",
                "subnet_id": "/subscriptions/864ced2f-51a8-415e-8fce-9641427bf1e7/resourceGroups/network-rg-assignment2/providers/Microsoft.Network/virtualNetworks/network-vnet-assignment2/subnets/network-subnet1-assignment2"
              }
            ],
            "location": "canadacentral",
            "mac_address": "00-22-48-3E-29-C1",
            "name": "N01510487-c-vm-1-1-nic",
            "private_ip_address": "10.0.1.5",
            "private_ip_addresses": [
              "10.0.1.5"
            ],
            "resource_group_name": "network-rg-assignment2",
            "tags": {
              "Environment": "Lab",
              "ExpirationDate": "2023-06-30",
              "GroupMembers": "canol.tasgin",
              "Name": "Automation Project – Assignment 2"
            },
            "timeouts": null,
            "virtual_machine_id": "/subscriptions/864ced2f-51a8-415e-8fce-9641427bf1e7/resourceGroups/network-rg-assignment2/providers/Microsoft.Compute/virtualMachines/N01510487-c-vm-1-1"
          },
          "sensitive_attributes": [],
          "private": "eyJlMmJmYjczMC1lY2FhLTExZTYtOGY4OC0zNDM2M2JjN2M0YzAiOnsiY3JlYXRlIjoxODAwMDAwMDAwMDAwLCJkZWxldGUiOjE4MDAwMDAwMDAwMDAsInJlYWQiOjMwMDAwMDAwMDAwMCwidXBkYXRlIjoxODAwMDAwMDAwMDAwfX0=",
          "dependencies": [
            "module.linux_vms.azurerm_public_ip.pip",
            "module.network.azurerm_network_security_group.network-nsg1",
            "module.network.azurerm_network_security_group.network-nsg2",
            "module.network.azurerm_subnet.network-subnet1",
            "module.network.azurerm_subnet.network-subnet2",
            "module.network.azurerm_subnet_network_security_group_association.network-subnet1-nsg-assoc",
            "module.network.azurerm_subnet_network_security_group_association.network-subnet2-nsg-assoc",
            "module.network.azurerm_virtual_network.network-vnet",
            "module.resource_groups.azurerm_resource_group.network_rg"
          ]
        }
      ]
    },
    {
      "module": "module.linux_vms",
      "mode": "managed",
      "type": "azurerm_public_ip",
      "name": "pip",
      "provider": "provider[\"registry.terraform.io/hashicorp/azurerm\"]",
      "instances": [
        {
          "index_key": 0,
          "schema_version": 0,
          "attributes": {
            "allocation_method": "Dynamic",
            "ddos_protection_mode": "VirtualNetworkInherited",
            "ddos_protection_plan_id": null,
            "domain_name_label": null,
            "edge_zone": "",
            "fqdn": null,
            "id": "/subscriptions/864ced2f-51a8-415e-8fce-9641427bf1e7/resourceGroups/network-rg-assignment2/providers/Microsoft.Network/publicIPAddresses/N01510487-c-vm-1-0-pip",
            "idle_timeout_in_minutes": 4,
            "ip_address": "20.116.62.7",
            "ip_tags": {},
            "ip_version": "IPv4",
            "location": "canadacentral",
            "name": "N01510487-c-vm-1-0-pip",
            "public_ip_prefix_id": null,
            "resource_group_name": "network-rg-assignment2",
            "reverse_fqdn": null,
            "sku": "Basic",
            "sku_tier": "Regional",
            "tags": {
              "Environment": "Lab",
              "ExpirationDate": "2023-06-30",
              "GroupMembers": "canol.tasgin",
              "Name": "Automation Project – Assignment 2"
            },
            "timeouts": null,
            "zones": []
          },
          "sensitive_attributes": [],
          "private": "eyJlMmJmYjczMC1lY2FhLTExZTYtOGY4OC0zNDM2M2JjN2M0YzAiOnsiY3JlYXRlIjoxODAwMDAwMDAwMDAwLCJkZWxldGUiOjE4MDAwMDAwMDAwMDAsInJlYWQiOjMwMDAwMDAwMDAwMCwidXBkYXRlIjoxODAwMDAwMDAwMDAwfX0=",
          "dependencies": [
            "module.network.azurerm_network_security_group.network-nsg1",
            "module.network.azurerm_network_security_group.network-nsg2",
            "module.network.azurerm_subnet.network-subnet1",
            "module.network.azurerm_subnet.network-subnet2",
            "module.network.azurerm_subnet_network_security_group_association.network-subnet1-nsg-assoc",
            "module.network.azurerm_subnet_network_security_group_association.network-subnet2-nsg-assoc",
            "module.network.azurerm_virtual_network.network-vnet",
            "module.resource_groups.azurerm_resource_group.network_rg"
          ]
        },
        {
          "index_key": 1,
          "schema_version": 0,
          "attributes": {
            "allocation_method": "Dynamic",
            "ddos_protection_mode": "VirtualNetworkInherited",
            "ddos_protection_plan_id": null,
            "domain_name_label": null,
            "edge_zone": "",
            "fqdn": null,
            "id": "/subscriptions/864ced2f-51a8-415e-8fce-9641427bf1e7/resourceGroups/network-rg-assignment2/providers/Microsoft.Network/publicIPAddresses/N01510487-c-vm-1-1-pip",
            "idle_timeout_in_minutes": 4,
            "ip_address": "20.116.62.55",
            "ip_tags": {},
            "ip_version": "IPv4",
            "location": "canadacentral",
            "name": "N01510487-c-vm-1-1-pip",
            "public_ip_prefix_id": null,
            "resource_group_name": "network-rg-assignment2",
            "reverse_fqdn": null,
            "sku": "Basic",
            "sku_tier": "Regional",
            "tags": {
              "Environment": "Lab",
              "ExpirationDate": "2023-06-30",
              "GroupMembers": "canol.tasgin",
              "Name": "Automation Project – Assignment 2"
            },
            "timeouts": null,
            "zones": []
          },
          "sensitive_attributes": [],
          "private": "eyJlMmJmYjczMC1lY2FhLTExZTYtOGY4OC0zNDM2M2JjN2M0YzAiOnsiY3JlYXRlIjoxODAwMDAwMDAwMDAwLCJkZWxldGUiOjE4MDAwMDAwMDAwMDAsInJlYWQiOjMwMDAwMDAwMDAwMCwidXBkYXRlIjoxODAwMDAwMDAwMDAwfX0=",
          "dependencies": [
            "module.network.azurerm_network_security_group.network-nsg1",
            "module.network.azurerm_network_security_group.network-nsg2",
            "module.network.azurerm_subnet.network-subnet1",
            "module.network.azurerm_subnet.network-subnet2",
            "module.network.azurerm_subnet_network_security_group_association.network-subnet1-nsg-assoc",
            "module.network.azurerm_subnet_network_security_group_association.network-subnet2-nsg-assoc",
            "module.network.azurerm_virtual_network.network-vnet",
            "module.resource_groups.azurerm_resource_group.network_rg"
          ]
        }
      ]
    },
    {
      "module": "module.linux_vms",
      "mode": "managed",
      "type": "azurerm_virtual_machine_data_disk_attachment",
      "name": "data_disk_attachment",
      "provider": "provider[\"registry.terraform.io/hashicorp/azurerm\"]",
      "instances": [
        {
          "index_key": 0,
          "schema_version": 0,
          "attributes": {
            "caching": "ReadWrite",
            "create_option": "Attach",
            "id": "/subscriptions/864ced2f-51a8-415e-8fce-9641427bf1e7/resourceGroups/network-rg-assignment2/providers/Microsoft.Compute/virtualMachines/N01510487-c-vm-1-0/dataDisks/N01510487-c-vm-1-0-data-disk",
            "lun": 0,
            "managed_disk_id": "/subscriptions/864ced2f-51a8-415e-8fce-9641427bf1e7/resourceGroups/network-rg-assignment2/providers/Microsoft.Compute/disks/N01510487-c-vm-1-0-data-disk",
            "timeouts": null,
            "virtual_machine_id": "/subscriptions/864ced2f-51a8-415e-8fce-9641427bf1e7/resourceGroups/network-rg-assignment2/providers/Microsoft.Compute/virtualMachines/N01510487-c-vm-1-0",
            "write_accelerator_enabled": false
          },
          "sensitive_attributes": [],
          "private": "eyJlMmJmYjczMC1lY2FhLTExZTYtOGY4OC0zNDM2M2JjN2M0YzAiOnsiY3JlYXRlIjoxODAwMDAwMDAwMDAwLCJkZWxldGUiOjE4MDAwMDAwMDAwMDAsInJlYWQiOjMwMDAwMDAwMDAwMCwidXBkYXRlIjoxODAwMDAwMDAwMDAwfX0=",
          "dependencies": [
            "module.linux_vms.azurerm_availability_set.linux_avs",
            "module.linux_vms.azurerm_linux_virtual_machine.vm",
            "module.linux_vms.azurerm_managed_disk.data_disk",
            "module.linux_vms.azurerm_network_interface.nic",
            "module.linux_vms.azurerm_public_ip.pip",
            "module.network.azurerm_network_security_group.network-nsg1",
            "module.network.azurerm_network_security_group.network-nsg2",
            "module.network.azurerm_subnet.network-subnet1",
            "module.network.azurerm_subnet.network-subnet2",
            "module.network.azurerm_subnet_network_security_group_association.network-subnet1-nsg-assoc",
            "module.network.azurerm_subnet_network_security_group_association.network-subnet2-nsg-assoc",
            "module.network.azurerm_virtual_network.network-vnet",
            "module.resource_groups.azurerm_resource_group.network_rg"
          ]
        },
        {
          "index_key": 1,
          "schema_version": 0,
          "attributes": {
            "caching": "ReadWrite",
            "create_option": "Attach",
            "id": "/subscriptions/864ced2f-51a8-415e-8fce-9641427bf1e7/resourceGroups/network-rg-assignment2/providers/Microsoft.Compute/virtualMachines/N01510487-c-vm-1-1/dataDisks/N01510487-c-vm-1-1-data-disk",
            "lun": 0,
            "managed_disk_id": "/subscriptions/864ced2f-51a8-415e-8fce-9641427bf1e7/resourceGroups/network-rg-assignment2/providers/Microsoft.Compute/disks/N01510487-c-vm-1-1-data-disk",
            "timeouts": null,
            "virtual_machine_id": "/subscriptions/864ced2f-51a8-415e-8fce-9641427bf1e7/resourceGroups/network-rg-assignment2/providers/Microsoft.Compute/virtualMachines/N01510487-c-vm-1-1",
            "write_accelerator_enabled": false
          },
          "sensitive_attributes": [],
          "private": "eyJlMmJmYjczMC1lY2FhLTExZTYtOGY4OC0zNDM2M2JjN2M0YzAiOnsiY3JlYXRlIjoxODAwMDAwMDAwMDAwLCJkZWxldGUiOjE4MDAwMDAwMDAwMDAsInJlYWQiOjMwMDAwMDAwMDAwMCwidXBkYXRlIjoxODAwMDAwMDAwMDAwfX0=",
          "dependencies": [
            "module.linux_vms.azurerm_availability_set.linux_avs",
            "module.linux_vms.azurerm_linux_virtual_machine.vm",
            "module.linux_vms.azurerm_managed_disk.data_disk",
            "module.linux_vms.azurerm_network_interface.nic",
            "module.linux_vms.azurerm_public_ip.pip",
            "module.network.azurerm_network_security_group.network-nsg1",
            "module.network.azurerm_network_security_group.network-nsg2",
            "module.network.azurerm_subnet.network-subnet1",
            "module.network.azurerm_subnet.network-subnet2",
            "module.network.azurerm_subnet_network_security_group_association.network-subnet1-nsg-assoc",
            "module.network.azurerm_subnet_network_security_group_association.network-subnet2-nsg-assoc",
            "module.network.azurerm_virtual_network.network-vnet",
            "module.resource_groups.azurerm_resource_group.network_rg"
          ]
        }
      ]
    },
    {
      "module": "module.linux_vms",
      "mode": "managed",
      "type": "null_resource",
      "name": "linux_provisioner",
      "provider": "provider[\"registry.terraform.io/hashicorp/null\"]",
      "instances": [
        {
          "index_key": 0,
          "schema_version": 0,
          "attributes": {
            "id": "4476734934483333862",
            "triggers": {
              "public_ip": "20.116.62.7"
            }
          },
          "sensitive_attributes": [],
          "dependencies": [
            "module.linux_vms.azurerm_linux_virtual_machine.vm",
            "module.linux_vms.azurerm_public_ip.pip",
            "module.network.azurerm_network_security_group.network-nsg1",
            "module.network.azurerm_network_security_group.network-nsg2",
            "module.network.azurerm_subnet.network-subnet1",
            "module.network.azurerm_subnet.network-subnet2",
            "module.network.azurerm_subnet_network_security_group_association.network-subnet1-nsg-assoc",
            "module.network.azurerm_subnet_network_security_group_association.network-subnet2-nsg-assoc",
            "module.network.azurerm_virtual_network.network-vnet",
            "module.resource_groups.azurerm_resource_group.network_rg"
          ]
        },
        {
          "index_key": 1,
          "schema_version": 0,
          "attributes": {
            "id": "237867097592317609",
            "triggers": {
              "public_ip": "20.116.62.55"
            }
          },
          "sensitive_attributes": [],
          "dependencies": [
            "module.linux_vms.azurerm_linux_virtual_machine.vm",
            "module.linux_vms.azurerm_public_ip.pip",
            "module.network.azurerm_network_security_group.network-nsg1",
            "module.network.azurerm_network_security_group.network-nsg2",
            "module.network.azurerm_subnet.network-subnet1",
            "module.network.azurerm_subnet.network-subnet2",
            "module.network.azurerm_subnet_network_security_group_association.network-subnet1-nsg-assoc",
            "module.network.azurerm_subnet_network_security_group_association.network-subnet2-nsg-assoc",
            "module.network.azurerm_virtual_network.network-vnet",
            "module.resource_groups.azurerm_resource_group.network_rg"
          ]
        }
      ]
    },
    {
      "module": "module.network",
      "mode": "managed",
      "type": "azurerm_network_security_group",
      "name": "network-nsg1",
      "provider": "provider[\"registry.terraform.io/hashicorp/azurerm\"]",
      "instances": [
        {
          "schema_version": 0,
          "attributes": {
            "id": "/subscriptions/864ced2f-51a8-415e-8fce-9641427bf1e7/resourceGroups/network-rg-assignment2/providers/Microsoft.Network/networkSecurityGroups/network-nsg1-assignment2",
            "location": "canadacentral",
            "name": "network-nsg1-assignment2",
            "resource_group_name": "network-rg-assignment2",
            "security_rule": [
              {
                "access": "Allow",
                "description": "",
                "destination_address_prefix": "*",
                "destination_address_prefixes": [],
                "destination_application_security_group_ids": [],
                "destination_port_range": "22",
                "destination_port_ranges": [],
                "direction": "Inbound",
                "name": "rule1",
                "priority": 100,
                "protocol": "Tcp",
                "source_address_prefix": "*",
                "source_address_prefixes": [],
                "source_application_security_group_ids": [],
                "source_port_range": "*",
                "source_port_ranges": []
              }
            ],
            "tags": {},
            "timeouts": null
          },
          "sensitive_attributes": [],
          "private": "eyJlMmJmYjczMC1lY2FhLTExZTYtOGY4OC0zNDM2M2JjN2M0YzAiOnsiY3JlYXRlIjoxODAwMDAwMDAwMDAwLCJkZWxldGUiOjE4MDAwMDAwMDAwMDAsInJlYWQiOjMwMDAwMDAwMDAwMCwidXBkYXRlIjoxODAwMDAwMDAwMDAwfX0=",
          "dependencies": [
            "module.resource_groups.azurerm_resource_group.network_rg"
          ]
        }
      ]
    },
    {
      "module": "module.network",
      "mode": "managed",
      "type": "azurerm_network_security_group",
      "name": "network-nsg2",
      "provider": "provider[\"registry.terraform.io/hashicorp/azurerm\"]",
      "instances": [
        {
          "schema_version": 0,
          "attributes": {
            "id": "/subscriptions/864ced2f-51a8-415e-8fce-9641427bf1e7/resourceGroups/network-rg-assignment2/providers/Microsoft.Network/networkSecurityGroups/network-nsg2-assignment2",
            "location": "canadacentral",
            "name": "network-nsg2-assignment2",
            "resource_group_name": "network-rg-assignment2",
            "security_rule": [
              {
                "access": "Allow",
                "description": "",
                "destination_address_prefix": "*",
                "destination_address_prefixes": [],
                "destination_application_security_group_ids": [],
                "destination_port_range": "3389",
                "destination_port_ranges": [],
                "direction": "Inbound",
                "name": "rule1",
                "priority": 100,
                "protocol": "Tcp",
                "source_address_prefix": "*",
                "source_address_prefixes": [],
                "source_application_security_group_ids": [],
                "source_port_range": "*",
                "source_port_ranges": []
              },
              {
                "access": "Allow",
                "description": "",
                "destination_address_prefix": "*",
                "destination_address_prefixes": [],
                "destination_application_security_group_ids": [],
                "destination_port_range": "5985",
                "destination_port_ranges": [],
                "direction": "Inbound",
                "name": "rule2",
                "priority": 200,
                "protocol": "Tcp",
                "source_address_prefix": "*",
                "source_address_prefixes": [],
                "source_application_security_group_ids": [],
                "source_port_range": "*",
                "source_port_ranges": []
              }
            ],
            "tags": {},
            "timeouts": null
          },
          "sensitive_attributes": [],
          "private": "eyJlMmJmYjczMC1lY2FhLTExZTYtOGY4OC0zNDM2M2JjN2M0YzAiOnsiY3JlYXRlIjoxODAwMDAwMDAwMDAwLCJkZWxldGUiOjE4MDAwMDAwMDAwMDAsInJlYWQiOjMwMDAwMDAwMDAwMCwidXBkYXRlIjoxODAwMDAwMDAwMDAwfX0=",
          "dependencies": [
            "module.resource_groups.azurerm_resource_group.network_rg"
          ]
        }
      ]
    },
    {
      "module": "module.network",
      "mode": "managed",
      "type": "azurerm_subnet",
      "name": "network-subnet1",
      "provider": "provider[\"registry.terraform.io/hashicorp/azurerm\"]",
      "instances": [
        {
          "schema_version": 0,
          "attributes": {
            "address_prefixes": [
              "10.0.1.0/24"
            ],
            "delegation": [],
            "enforce_private_link_endpoint_network_policies": false,
            "enforce_private_link_service_network_policies": false,
            "id": "/subscriptions/864ced2f-51a8-415e-8fce-9641427bf1e7/resourceGroups/network-rg-assignment2/providers/Microsoft.Network/virtualNetworks/network-vnet-assignment2/subnets/network-subnet1-assignment2",
            "name": "network-subnet1-assignment2",
            "private_endpoint_network_policies_enabled": true,
            "private_link_service_network_policies_enabled": true,
            "resource_group_name": "network-rg-assignment2",
            "service_endpoint_policy_ids": [],
            "service_endpoints": [],
            "timeouts": null,
            "virtual_network_name": "network-vnet-assignment2"
          },
          "sensitive_attributes": [],
          "private": "eyJlMmJmYjczMC1lY2FhLTExZTYtOGY4OC0zNDM2M2JjN2M0YzAiOnsiY3JlYXRlIjoxODAwMDAwMDAwMDAwLCJkZWxldGUiOjE4MDAwMDAwMDAwMDAsInJlYWQiOjMwMDAwMDAwMDAwMCwidXBkYXRlIjoxODAwMDAwMDAwMDAwfX0=",
          "dependencies": [
            "module.network.azurerm_virtual_network.network-vnet",
            "module.resource_groups.azurerm_resource_group.network_rg"
          ]
        }
      ]
    },
    {
      "module": "module.network",
      "mode": "managed",
      "type": "azurerm_subnet",
      "name": "network-subnet2",
      "provider": "provider[\"registry.terraform.io/hashicorp/azurerm\"]",
      "instances": [
        {
          "schema_version": 0,
          "attributes": {
            "address_prefixes": [
              "10.0.2.0/24"
            ],
            "delegation": [],
            "enforce_private_link_endpoint_network_policies": false,
            "enforce_private_link_service_network_policies": false,
            "id": "/subscriptions/864ced2f-51a8-415e-8fce-9641427bf1e7/resourceGroups/network-rg-assignment2/providers/Microsoft.Network/virtualNetworks/network-vnet-assignment2/subnets/network-subnet2-assignment2",
            "name": "network-subnet2-assignment2",
            "private_endpoint_network_policies_enabled": true,
            "private_link_service_network_policies_enabled": true,
            "resource_group_name": "network-rg-assignment2",
            "service_endpoint_policy_ids": [],
            "service_endpoints": [],
            "timeouts": null,
            "virtual_network_name": "network-vnet-assignment2"
          },
          "sensitive_attributes": [],
          "private": "eyJlMmJmYjczMC1lY2FhLTExZTYtOGY4OC0zNDM2M2JjN2M0YzAiOnsiY3JlYXRlIjoxODAwMDAwMDAwMDAwLCJkZWxldGUiOjE4MDAwMDAwMDAwMDAsInJlYWQiOjMwMDAwMDAwMDAwMCwidXBkYXRlIjoxODAwMDAwMDAwMDAwfX0=",
          "dependencies": [
            "module.network.azurerm_virtual_network.network-vnet",
            "module.resource_groups.azurerm_resource_group.network_rg"
          ]
        }
      ]
    },
    {
      "module": "module.network",
      "mode": "managed",
      "type": "azurerm_subnet_network_security_group_association",
      "name": "network-subnet1-nsg-assoc",
      "provider": "provider[\"registry.terraform.io/hashicorp/azurerm\"]",
      "instances": [
        {
          "schema_version": 0,
          "attributes": {
            "id": "/subscriptions/864ced2f-51a8-415e-8fce-9641427bf1e7/resourceGroups/network-rg-assignment2/providers/Microsoft.Network/virtualNetworks/network-vnet-assignment2/subnets/network-subnet1-assignment2",
            "network_security_group_id": "/subscriptions/864ced2f-51a8-415e-8fce-9641427bf1e7/resourceGroups/network-rg-assignment2/providers/Microsoft.Network/networkSecurityGroups/network-nsg1-assignment2",
            "subnet_id": "/subscriptions/864ced2f-51a8-415e-8fce-9641427bf1e7/resourceGroups/network-rg-assignment2/providers/Microsoft.Network/virtualNetworks/network-vnet-assignment2/subnets/network-subnet1-assignment2",
            "timeouts": null
          },
          "sensitive_attributes": [],
          "private": "eyJlMmJmYjczMC1lY2FhLTExZTYtOGY4OC0zNDM2M2JjN2M0YzAiOnsiY3JlYXRlIjoxODAwMDAwMDAwMDAwLCJkZWxldGUiOjE4MDAwMDAwMDAwMDAsInJlYWQiOjMwMDAwMDAwMDAwMCwidXBkYXRlIjoxODAwMDAwMDAwMDAwfX0=",
          "dependencies": [
            "module.network.azurerm_network_security_group.network-nsg1",
            "module.network.azurerm_subnet.network-subnet1",
            "module.network.azurerm_virtual_network.network-vnet",
            "module.resource_groups.azurerm_resource_group.network_rg"
          ]
        }
      ]
    },
    {
      "module": "module.network",
      "mode": "managed",
      "type": "azurerm_subnet_network_security_group_association",
      "name": "network-subnet2-nsg-assoc",
      "provider": "provider[\"registry.terraform.io/hashicorp/azurerm\"]",
      "instances": [
        {
          "schema_version": 0,
          "attributes": {
            "id": "/subscriptions/864ced2f-51a8-415e-8fce-9641427bf1e7/resourceGroups/network-rg-assignment2/providers/Microsoft.Network/virtualNetworks/network-vnet-assignment2/subnets/network-subnet2-assignment2",
            "network_security_group_id": "/subscriptions/864ced2f-51a8-415e-8fce-9641427bf1e7/resourceGroups/network-rg-assignment2/providers/Microsoft.Network/networkSecurityGroups/network-nsg2-assignment2",
            "subnet_id": "/subscriptions/864ced2f-51a8-415e-8fce-9641427bf1e7/resourceGroups/network-rg-assignment2/providers/Microsoft.Network/virtualNetworks/network-vnet-assignment2/subnets/network-subnet2-assignment2",
            "timeouts": null
          },
          "sensitive_attributes": [],
          "private": "eyJlMmJmYjczMC1lY2FhLTExZTYtOGY4OC0zNDM2M2JjN2M0YzAiOnsiY3JlYXRlIjoxODAwMDAwMDAwMDAwLCJkZWxldGUiOjE4MDAwMDAwMDAwMDAsInJlYWQiOjMwMDAwMDAwMDAwMCwidXBkYXRlIjoxODAwMDAwMDAwMDAwfX0=",
          "dependencies": [
            "module.network.azurerm_network_security_group.network-nsg2",
            "module.network.azurerm_subnet.network-subnet2",
            "module.network.azurerm_virtual_network.network-vnet",
            "module.resource_groups.azurerm_resource_group.network_rg"
          ]
        }
      ]
    },
    {
      "module": "module.network",
      "mode": "managed",
      "type": "azurerm_virtual_network",
      "name": "network-vnet",
      "provider": "provider[\"registry.terraform.io/hashicorp/azurerm\"]",
      "instances": [
        {
          "schema_version": 0,
          "attributes": {
            "address_space": [
              "10.0.0.0/16"
            ],
            "bgp_community": "",
            "ddos_protection_plan": [],
            "dns_servers": [],
            "edge_zone": "",
            "flow_timeout_in_minutes": 0,
            "guid": "42203e45-ee74-418a-9ca0-8df32732f383",
            "id": "/subscriptions/864ced2f-51a8-415e-8fce-9641427bf1e7/resourceGroups/network-rg-assignment2/providers/Microsoft.Network/virtualNetworks/network-vnet-assignment2",
            "location": "canadacentral",
            "name": "network-vnet-assignment2",
            "resource_group_name": "network-rg-assignment2",
            "subnet": [
              {
                "address_prefix": "10.0.1.0/24",
                "id": "/subscriptions/864ced2f-51a8-415e-8fce-9641427bf1e7/resourceGroups/network-rg-assignment2/providers/Microsoft.Network/virtualNetworks/network-vnet-assignment2/subnets/network-subnet1-assignment2",
                "name": "network-subnet1-assignment2",
                "security_group": "/subscriptions/864ced2f-51a8-415e-8fce-9641427bf1e7/resourceGroups/network-rg-assignment2/providers/Microsoft.Network/networkSecurityGroups/network-nsg1-assignment2"
              },
              {
                "address_prefix": "10.0.2.0/24",
                "id": "/subscriptions/864ced2f-51a8-415e-8fce-9641427bf1e7/resourceGroups/network-rg-assignment2/providers/Microsoft.Network/virtualNetworks/network-vnet-assignment2/subnets/network-subnet2-assignment2",
                "name": "network-subnet2-assignment2",
                "security_group": "/subscriptions/864ced2f-51a8-415e-8fce-9641427bf1e7/resourceGroups/network-rg-assignment2/providers/Microsoft.Network/networkSecurityGroups/network-nsg2-assignment2"
              }
            ],
            "tags": {},
            "timeouts": null
          },
          "sensitive_attributes": [],
          "private": "eyJlMmJmYjczMC1lY2FhLTExZTYtOGY4OC0zNDM2M2JjN2M0YzAiOnsiY3JlYXRlIjoxODAwMDAwMDAwMDAwLCJkZWxldGUiOjE4MDAwMDAwMDAwMDAsInJlYWQiOjMwMDAwMDAwMDAwMCwidXBkYXRlIjoxODAwMDAwMDAwMDAwfX0=",
          "dependencies": [
            "module.resource_groups.azurerm_resource_group.network_rg"
          ]
        }
      ]
    },
    {
      "module": "module.resource_groups",
      "mode": "managed",
      "type": "azurerm_resource_group",
      "name": "linux_rg",
      "provider": "provider[\"registry.terraform.io/hashicorp/azurerm\"]",
      "instances": [
        {
          "schema_version": 0,
          "attributes": {
            "id": "/subscriptions/864ced2f-51a8-415e-8fce-9641427bf1e7/resourceGroups/linux-rg-assignment2",
            "location": "canadacentral",
            "name": "linux-rg-assignment2",
            "tags": {},
            "timeouts": null
          },
          "sensitive_attributes": [],
          "private": "eyJlMmJmYjczMC1lY2FhLTExZTYtOGY4OC0zNDM2M2JjN2M0YzAiOnsiY3JlYXRlIjo1NDAwMDAwMDAwMDAwLCJkZWxldGUiOjU0MDAwMDAwMDAwMDAsInJlYWQiOjMwMDAwMDAwMDAwMCwidXBkYXRlIjo1NDAwMDAwMDAwMDAwfX0="
        }
      ]
    },
    {
      "module": "module.resource_groups",
      "mode": "managed",
      "type": "azurerm_resource_group",
      "name": "network_rg",
      "provider": "provider[\"registry.terraform.io/hashicorp/azurerm\"]",
      "instances": [
        {
          "schema_version": 0,
          "attributes": {
            "id": "/subscriptions/864ced2f-51a8-415e-8fce-9641427bf1e7/resourceGroups/network-rg-assignment2",
            "location": "canadacentral",
            "name": "network-rg-assignment2",
            "tags": {},
            "timeouts": null
          },
          "sensitive_attributes": [],
          "private": "eyJlMmJmYjczMC1lY2FhLTExZTYtOGY4OC0zNDM2M2JjN2M0YzAiOnsiY3JlYXRlIjo1NDAwMDAwMDAwMDAwLCJkZWxldGUiOjU0MDAwMDAwMDAwMDAsInJlYWQiOjMwMDAwMDAwMDAwMCwidXBkYXRlIjo1NDAwMDAwMDAwMDAwfX0="
        }
      ]
    }
  ],
  "check_results": null
}
